// !$*UTF8*$!
{
	archiveVersion = 1;
	classes = {
	};
	objectVersion = 46;
	objects = {

/* Begin PBXBuildFile section */
		1BA6477C1AA45AE4002B9DD7 /* AppDelegate.swift in Sources */ = {isa = PBXBuildFile; fileRef = 1BA6477B1AA45AE4002B9DD7 /* AppDelegate.swift */; };
		1BA6477E1AA45AE4002B9DD7 /* ViewController.swift in Sources */ = {isa = PBXBuildFile; fileRef = 1BA6477D1AA45AE4002B9DD7 /* ViewController.swift */; };
		1BA647811AA45AE4002B9DD7 /* VKRun.xcdatamodeld in Sources */ = {isa = PBXBuildFile; fileRef = 1BA6477F1AA45AE4002B9DD7 /* VKRun.xcdatamodeld */; };
		1BA647831AA45AE4002B9DD7 /* Images.xcassets in Resources */ = {isa = PBXBuildFile; fileRef = 1BA647821AA45AE4002B9DD7 /* Images.xcassets */; };
		1BA647861AA45AE4002B9DD7 /* Main.storyboard in Resources */ = {isa = PBXBuildFile; fileRef = 1BA647841AA45AE4002B9DD7 /* Main.storyboard */; };
		1BA647921AA45AE5002B9DD7 /* VKRunTests.swift in Sources */ = {isa = PBXBuildFile; fileRef = 1BA647911AA45AE5002B9DD7 /* VKRunTests.swift */; };
/* End PBXBuildFile section */

/* Begin PBXContainerItemProxy section */
		1BA6478C1AA45AE5002B9DD7 /* PBXContainerItemProxy */ = {
			isa = PBXContainerItemProxy;
			containerPortal = 1BA6476E1AA45AE4002B9DD7 /* Project object */;
			proxyType = 1;
			remoteGlobalIDString = 1BA647751AA45AE4002B9DD7;
			remoteInfo = VKRun;
		};
/* End PBXContainerItemProxy section */

/* Begin PBXFileReference section */
		1BA647761AA45AE4002B9DD7 /* VKRun.app */ = {isa = PBXFileReference; explicitFileType = wrapper.application; includeInIndex = 0; path = VKRun.app; sourceTree = BUILT_PRODUCTS_DIR; };
		1BA6477A1AA45AE4002B9DD7 /* Info.plist */ = {isa = PBXFileReference; lastKnownFileType = text.plist.xml; path = Info.plist; sourceTree = "<group>"; };
		1BA6477B1AA45AE4002B9DD7 /* AppDelegate.swift */ = {isa = PBXFileReference; lastKnownFileType = sourcecode.swift; path = AppDelegate.swift; sourceTree = "<group>"; };
		1BA6477D1AA45AE4002B9DD7 /* ViewController.swift */ = {isa = PBXFileReference; lastKnownFileType = sourcecode.swift; path = ViewController.swift; sourceTree = "<group>"; };
		1BA647801AA45AE4002B9DD7 /* VKRun.xcdatamodel */ = {isa = PBXFileReference; lastKnownFileType = wrapper.xcdatamodel; path = VKRun.xcdatamodel; sourceTree = "<group>"; };
		1BA647821AA45AE4002B9DD7 /* Images.xcassets */ = {isa = PBXFileReference; lastKnownFileType = folder.assetcatalog; path = Images.xcassets; sourceTree = "<group>"; };
		1BA647851AA45AE4002B9DD7 /* Base */ = {isa = PBXFileReference; lastKnownFileType = file.storyboard; name = Base; path = Base.lproj/Main.storyboard; sourceTree = "<group>"; };
		1BA6478B1AA45AE5002B9DD7 /* VKRunTests.xctest */ = {isa = PBXFileReference; explicitFileType = wrapper.cfbundle; includeInIndex = 0; path = VKRunTests.xctest; sourceTree = BUILT_PRODUCTS_DIR; };
		1BA647901AA45AE5002B9DD7 /* Info.plist */ = {isa = PBXFileReference; lastKnownFileType = text.plist.xml; path = Info.plist; sourceTree = "<group>"; };
		1BA647911AA45AE5002B9DD7 /* VKRunTests.swift */ = {isa = PBXFileReference; lastKnownFileType = sourcecode.swift; path = VKRunTests.swift; sourceTree = "<group>"; };
/* End PBXFileReference section */

/* Begin PBXFrameworksBuildPhase section */
		1BA647731AA45AE4002B9DD7 /* Frameworks */ = {
			isa = PBXFrameworksBuildPhase;
			buildActionMask = 2147483647;
			files = (
			);
			runOnlyForDeploymentPostprocessing = 0;
		};
		1BA647881AA45AE5002B9DD7 /* Frameworks */ = {
			isa = PBXFrameworksBuildPhase;
			buildActionMask = 2147483647;
			files = (
			);
			runOnlyForDeploymentPostprocessing = 0;
		};
/* End PBXFrameworksBuildPhase section */

/* Begin PBXGroup section */
		1BA6476D1AA45AE4002B9DD7 = {
			isa = PBXGroup;
			children = (
				1BA647781AA45AE4002B9DD7 /* VKRun */,
				1BA6478E1AA45AE5002B9DD7 /* VKRunTests */,
				1BA647771AA45AE4002B9DD7 /* Products */,
			);
			sourceTree = "<group>";
		};
		1BA647771AA45AE4002B9DD7 /* Products */ = {
			isa = PBXGroup;
			children = (
				1BA647761AA45AE4002B9DD7 /* VKRun.app */,
				1BA6478B1AA45AE5002B9DD7 /* VKRunTests.xctest */,
			);
			name = Products;
			sourceTree = "<group>";
		};
		1BA647781AA45AE4002B9DD7 /* VKRun */ = {
			isa = PBXGroup;
			children = (
				1BA6477B1AA45AE4002B9DD7 /* AppDelegate.swift */,
				1BA6477D1AA45AE4002B9DD7 /* ViewController.swift */,
				1BA647821AA45AE4002B9DD7 /* Images.xcassets */,
				1BA647841AA45AE4002B9DD7 /* Main.storyboard */,
				1BA6477F1AA45AE4002B9DD7 /* VKRun.xcdatamodeld */,
				1BA647791AA45AE4002B9DD7 /* Supporting Files */,
			);
			path = VKRun;
			sourceTree = "<group>";
		};
		1BA647791AA45AE4002B9DD7 /* Supporting Files */ = {
			isa = PBXGroup;
			children = (
				1BA6477A1AA45AE4002B9DD7 /* Info.plist */,
			);
			name = "Supporting Files";
			sourceTree = "<group>";
		};
		1BA6478E1AA45AE5002B9DD7 /* VKRunTests */ = {
			isa = PBXGroup;
			children = (
				1BA647911AA45AE5002B9DD7 /* VKRunTests.swift */,
				1BA6478F1AA45AE5002B9DD7 /* Supporting Files */,
			);
			path = VKRunTests;
			sourceTree = "<group>";
		};
		1BA6478F1AA45AE5002B9DD7 /* Supporting Files */ = {
			isa = PBXGroup;
			children = (
				1BA647901AA45AE5002B9DD7 /* Info.plist */,
			);
			name = "Supporting Files";
			sourceTree = "<group>";
		};
/* End PBXGroup section */

/* Begin PBXNativeTarget section */
		1BA647751AA45AE4002B9DD7 /* VKRun */ = {
			isa = PBXNativeTarget;
			buildConfigurationList = 1BA647951AA45AE5002B9DD7 /* Build configuration list for PBXNativeTarget "VKRun" */;
			buildPhases = (
				1BA647721AA45AE4002B9DD7 /* Sources */,
				1BA647731AA45AE4002B9DD7 /* Frameworks */,
				1BA647741AA45AE4002B9DD7 /* Resources */,
			);
			buildRules = (
			);
			dependencies = (
			);
			name = VKRun;
			productName = VKRun;
			productReference = 1BA647761AA45AE4002B9DD7 /* VKRun.app */;
			productType = "com.apple.product-type.application";
		};
		1BA6478A1AA45AE5002B9DD7 /* VKRunTests */ = {
			isa = PBXNativeTarget;
			buildConfigurationList = 1BA647981AA45AE5002B9DD7 /* Build configuration list for PBXNativeTarget "VKRunTests" */;
			buildPhases = (
				1BA647871AA45AE5002B9DD7 /* Sources */,
				1BA647881AA45AE5002B9DD7 /* Frameworks */,
				1BA647891AA45AE5002B9DD7 /* Resources */,
			);
			buildRules = (
			);
			dependencies = (
				1BA6478D1AA45AE5002B9DD7 /* PBXTargetDependency */,
			);
			name = VKRunTests;
			productName = VKRunTests;
			productReference = 1BA6478B1AA45AE5002B9DD7 /* VKRunTests.xctest */;
			productType = "com.apple.product-type.bundle.unit-test";
		};
/* End PBXNativeTarget section */

/* Begin PBXProject section */
		1BA6476E1AA45AE4002B9DD7 /* Project object */ = {
			isa = PBXProject;
			attributes = {
				LastUpgradeCheck = 0610;
				ORGANIZATIONNAME = "vico kuras";
				TargetAttributes = {
					1BA647751AA45AE4002B9DD7 = {
						CreatedOnToolsVersion = 6.1.1;
					};
					1BA6478A1AA45AE5002B9DD7 = {
						CreatedOnToolsVersion = 6.1.1;
						TestTargetID = 1BA647751AA45AE4002B9DD7;
					};
				};
			};
			buildConfigurationList = 1BA647711AA45AE4002B9DD7 /* Build configuration list for PBXProject "VKRun" */;
			compatibilityVersion = "Xcode 3.2";
			developmentRegion = English;
			hasScannedForEncodings = 0;
			knownRegions = (
				en,
				Base,
			);
			mainGroup = 1BA6476D1AA45AE4002B9DD7;
			productRefGroup = 1BA647771AA45AE4002B9DD7 /* Products */;
			projectDirPath = "";
			projectRoot = "";
			targets = (
				1BA647751AA45AE4002B9DD7 /* VKRun */,
				1BA6478A1AA45AE5002B9DD7 /* VKRunTests */,
			);
		};
/* End PBXProject section */

/* Begin PBXResourcesBuildPhase section */
		1BA647741AA45AE4002B9DD7 /* Resources */ = {
			isa = PBXResourcesBuildPhase;
			buildActionMask = 2147483647;
			files = (
				1BA647831AA45AE4002B9DD7 /* Images.xcassets in Resources */,
				1BA647861AA45AE4002B9DD7 /* Main.storyboard in Resources */,
			);
			runOnlyForDeploymentPostprocessing = 0;
		};
		1BA647891AA45AE5002B9DD7 /* Resources */ = {
			isa = PBXResourcesBuildPhase;
			buildActionMask = 2147483647;
			files = (
			);
			runOnlyForDeploymentPostprocessing = 0;
		};
/* End PBXResourcesBuildPhase section */

/* Begin PBXSourcesBuildPhase section */
		1BA647721AA45AE4002B9DD7 /* Sources */ = {
			isa = PBXSourcesBuildPhase;
			buildActionMask = 2147483647;
			files = (
				1BA6477E1AA45AE4002B9DD7 /* ViewController.swift in Sources */,
				1BA647811AA45AE4002B9DD7 /* VKRun.xcdatamodeld in Sources */,
				1BA6477C1AA45AE4002B9DD7 /* AppDelegate.swift in Sources */,
			);
			runOnlyForDeploymentPostprocessing = 0;
		};
		1BA647871AA45AE5002B9DD7 /* Sources */ = {
			isa = PBXSourcesBuildPhase;
			buildActionMask = 2147483647;
			files = (
				1BA647921AA45AE5002B9DD7 /* VKRunTests.swift in Sources */,
			);
			runOnlyForDeploymentPostprocessing = 0;
		};
/* End PBXSourcesBuildPhase section */

/* Begin PBXTargetDependency section */
		1BA6478D1AA45AE5002B9DD7 /* PBXTargetDependency */ = {
			isa = PBXTargetDependency;
			target = 1BA647751AA45AE4002B9DD7 /* VKRun */;
			targetProxy = 1BA6478C1AA45AE5002B9DD7 /* PBXContainerItemProxy */;
		};
/* End PBXTargetDependency section */

/* Begin PBXVariantGroup section */
		1BA647841AA45AE4002B9DD7 /* Main.storyboard */ = {
			isa = PBXVariantGroup;
			children = (
				1BA647851AA45AE4002B9DD7 /* Base */,
			);
			name = Main.storyboard;
			sourceTree = "<group>";
		};
/* End PBXVariantGroup section */

/* Begin XCBuildConfiguration section */
		1BA647931AA45AE5002B9DD7 /* Debug */ = {
			isa = XCBuildConfiguration;
			buildSettings = {
				ALWAYS_SEARCH_USER_PATHS = NO;
				CLANG_CXX_LANGUAGE_STANDARD = "gnu++0x";
				CLANG_CXX_LIBRARY = "libc++";
				CLANG_ENABLE_MODULES = YES;
				CLANG_ENABLE_OBJC_ARC = YES;
				CLANG_WARN_BOOL_CONVERSION = YES;
				CLANG_WARN_CONSTANT_CONVERSION = YES;
				CLANG_WARN_DIRECT_OBJC_ISA_USAGE = YES_ERROR;
				CLANG_WARN_EMPTY_BODY = YES;
				CLANG_WARN_ENUM_CONVERSION = YES;
				CLANG_WARN_INT_CONVERSION = YES;
				CLANG_WARN_OBJC_ROOT_CLASS = YES_ERROR;
				CLANG_WARN_UNREACHABLE_CODE = YES;
				CLANG_WARN__DUPLICATE_METHOD_MATCH = YES;
				CODE_SIGN_IDENTITY = "-";
				COPY_PHASE_STRIP = NO;
				ENABLE_STRICT_OBJC_MSGSEND = YES;
				GCC_C_LANGUAGE_STANDARD = gnu99;
				GCC_DYNAMIC_NO_PIC = NO;
				GCC_OPTIMIZATION_LEVEL = 0;
				GCC_PREPROCESSOR_DEFINITIONS = (
					"DEBUG=1",
					"$(inherited)",
				);
				GCC_SYMBOLS_PRIVATE_EXTERN = NO;
				GCC_WARN_64_TO_32_BIT_CONVERSION = YES;
				GCC_WARN_ABOUT_RETURN_TYPE = YES_ERROR;
				GCC_WARN_UNDECLARED_SELECTOR = YES;
				GCC_WARN_UNINITIALIZED_AUTOS = YES_AGGRESSIVE;
				GCC_WARN_UNUSED_FUNCTION = YES;
				GCC_WARN_UNUSED_VARIABLE = YES;
				MACOSX_DEPLOYMENT_TARGET = 10.10;
				MTL_ENABLE_DEBUG_INFO = YES;
				ONLY_ACTIVE_ARCH = YES;
				SDKROOT = macosx;
				SWIFT_OPTIMIZATION_LEVEL = "-Onone";
			};
			name = Debug;
		};
		1BA647941AA45AE5002B9DD7 /* Release */ = {
			isa = XCBuildConfiguration;
			buildSettings = {
				ALWAYS_SEARCH_USER_PATHS = NO;
				CLANG_CXX_LANGUAGE_STANDARD = "gnu++0x";
				CLANG_CXX_LIBRARY = "libc++";
				CLANG_ENABLE_MODULES = YES;
				CLANG_ENABLE_OBJC_ARC = YES;
				CLANG_WARN_BOOL_CONVERSION = YES;
				CLANG_WARN_CONSTANT_CONVERSION = YES;
				CLANG_WARN_DIRECT_OBJC_ISA_USAGE = YES_ERROR;
				CLANG_WARN_EMPTY_BODY = YES;
				CLANG_WARN_ENUM_CONVERSION = YES;
				CLANG_WARN_INT_CONVERSION = YES;
				CLANG_WARN_OBJC_ROOT_CLASS = YES_ERROR;
				CLANG_WARN_UNREACHABLE_CODE = YES;
				CLANG_WARN__DUPLICATE_METHOD_MATCH = YES;
				CODE_SIGN_IDENTITY = "-";
				COPY_PHASE_STRIP = YES;
				DEBUG_INFORMATION_FORMAT = "dwarf-with-dsym";
				ENABLE_NS_ASSERTIONS = NO;
				ENABLE_STRICT_OBJC_MSGSEND = YES;
				GCC_C_LANGUAGE_STANDARD = gnu99;
				GCC_WARN_64_TO_32_BIT_CONVERSION = YES;
				GCC_WARN_ABOUT_RETURN_TYPE = YES_ERROR;
				GCC_WARN_UNDECLARED_SELECTOR = YES;
				GCC_WARN_UNINITIALIZED_AUTOS = YES_AGGRESSIVE;
				GCC_WARN_UNUSED_FUNCTION = YES;
				GCC_WARN_UNUSED_VARIABLE = YES;
				MACOSX_DEPLOYMENT_TARGET = 10.10;
				MTL_ENABLE_DEBUG_INFO = NO;
				SDKROOT = macosx;
			};
			name = Release;
		};
		1BA647961AA45AE5002B9DD7 /* Debug */ = {
			isa = XCBuildConfiguration;
			buildSettings = {
				ASSETCATALOG_COMPILER_APPICON_NAME = AppIcon;
				COMBINE_HIDPI_IMAGES = YES;
				INFOPLIST_FILE = VKRun/Info.plist;
				LD_RUNPATH_SEARCH_PATHS = "$(inherited) @executable_path/../Frameworks";
				PRODUCT_NAME = "$(TARGET_NAME)";
			};
			name = Debug;
		};
		1BA647971AA45AE5002B9DD7 /* Release */ = {
			isa = XCBuildConfiguration;
			buildSettings = {
				ASSETCATALOG_COMPILER_APPICON_NAME = AppIcon;
				COMBINE_HIDPI_IMAGES = YES;
				INFOPLIST_FILE = VKRun/Info.plist;
				LD_RUNPATH_SEARCH_PATHS = "$(inherited) @executable_path/../Frameworks";
				PRODUCT_NAME = "$(TARGET_NAME)";
			};
			name = Release;
		};
		1BA647991AA45AE5002B9DD7 /* Debug */ = {
			isa = XCBuildConfiguration;
			buildSettings = {
				BUNDLE_LOADER = "$(TEST_HOST)";
				COMBINE_HIDPI_IMAGES = YES;
				FRAMEWORK_SEARCH_PATHS = (
					"$(DEVELOPER_FRAMEWORKS_DIR)",
					"$(inherited)",
				);
				GCC_PREPROCESSOR_DEFINITIONS = (
					"DEBUG=1",
					"$(inherited)",
				);
				INFOPLIST_FILE = VKRunTests/Info.plist;
				LD_RUNPATH_SEARCH_PATHS = "$(inherited) @executable_path/../Frameworks @loader_path/../Frameworks";
				PRODUCT_NAME = "$(TARGET_NAME)";
				TEST_HOST = "$(BUILT_PRODUCTS_DIR)/VKRun.app/Contents/MacOS/VKRun";
			};
			name = Debug;
		};
		1BA6479A1AA45AE5002B9DD7 /* Release */ = {
			isa = XCBuildConfiguration;
			buildSettings = {
				BUNDLE_LOADER = "$(TEST_HOST)";
				COMBINE_HIDPI_IMAGES = YES;
				FRAMEWORK_SEARCH_PATHS = (
					"$(DEVELOPER_FRAMEWORKS_DIR)",
					"$(inherited)",
				);
				INFOPLIST_FILE = VKRunTests/Info.plist;
				LD_RUNPATH_SEARCH_PATHS = "$(inherited) @executable_path/../Frameworks @loader_path/../Frameworks";
				PRODUCT_NAME = "$(TARGET_NAME)";
				TEST_HOST = "$(BUILT_PRODUCTS_DIR)/VKRun.app/Contents/MacOS/VKRun";
			};
			name = Release;
		};
/* End XCBuildConfiguration section */

/* Begin XCConfigurationList section */
		1BA647711AA45AE4002B9DD7 /* Build configuration list for PBXProject "VKRun" */ = {
			isa = XCConfigurationList;
			buildConfigurations = (
				1BA647931AA45AE5002B9DD7 /* Debug */,
				1BA647941AA45AE5002B9DD7 /* Release */,
			);
			defaultConfigurationIsVisible = 0;
			defaultConfigurationName = Release;
		};
		1BA647951AA45AE5002B9DD7 /* Build configuration list for PBXNativeTarget "VKRun" */ = {
			isa = XCConfigurationList;
			buildConfigurations = (
				1BA647961AA45AE5002B9DD7 /* Debug */,
				1BA647971AA45AE5002B9DD7 /* Release */,
			);
			defaultConfigurationIsVisible = 0;
		};
		1BA647981AA45AE5002B9DD7 /* Build configuration list for PBXNativeTarget "VKRunTests" */ = {
			isa = XCConfigurationList;
			buildConfigurations = (
				1BA647991AA45AE5002B9DD7 /* Debug */,
				1BA6479A1AA45AE5002B9DD7 /* Release */,
			);
			defaultConfigurationIsVisible = 0;
		};
/* End XCConfigurationList section */

/* Begin XCVersionGroup section */
		1BA6477F1AA45AE4002B9DD7 /* VKRun.xcdatamodeld */ = {
			isa = XCVersionGroup;
			children = (
				1BA647801AA45AE4002B9DD7 /* VKRun.xcdatamodel */,
			);
			currentVersion = 1BA647801AA45AE4002B9DD7 /* VKRun.xcdatamodel */;
			path = VKRun.xcdatamodeld;
			sourceTree = "<group>";
			versionGroupType = wrapper.xcdatamodel;
		};
/* End XCVersionGroup section */
	};
	rootObject = 1BA6476E1AA45AE4002B9DD7 /* Project object */;
}
